
Microsoft Visual Studio Solution File, Format Version 12.00
# Visual Studio 2013
VisualStudioVersion = 12.0.21005.1
MinimumVisualStudioVersion = 10.0.40219.1
Project("{FAE04EC0-301F-11D3-BF4B-00C04F79EFBC}") = "SmsBot", "SmsBot\SmsBot.csproj", "{FC275803-DF7A-4F58-B5AB-3692E5682654}"
	ProjectSection(ProjectDependencies) = postProject
		{629D0E16-E655-468C-9AFF-CF225AEABA65} = {629D0E16-E655-468C-9AFF-CF225AEABA65}
	EndProjectSection
EndProject
Project("{FAE04EC0-301F-11D3-BF4B-00C04F79EFBC}") = "SmsBot.Data", "SmsBot.Data\SmsBot.Data.csproj", "{629D0E16-E655-468C-9AFF-CF225AEABA65}"
EndProject
Global
	GlobalSection(SolutionConfigurationPlatforms) = preSolution
		Debug|Any CPU = Debug|Any CPU
		Release|Any CPU = Release|Any CPU
	EndGlobalSection
	GlobalSection(ProjectConfigurationPlatforms) = postSolution
		{FC275803-DF7A-4F58-B5AB-3692E5682654}.Debug|Any CPU.ActiveCfg = Debug|Any CPU
		{FC275803-DF7A-4F58-B5AB-3692E5682654}.Debug|Any CPU.Build.0 = Debug|Any CPU
		{FC275803-DF7A-4F58-B5AB-3692E5682654}.Release|Any CPU.ActiveCfg = Release|Any CPU
		{FC275803-DF7A-4F58-B5AB-3692E5682654}.Release|Any CPU.Build.0 = Release|Any CPU
		{629D0E16-E655-468C-9AFF-CF225AEABA65}.Debug|Any CPU.ActiveCfg = Debug|Any CPU
		{629D0E16-E655-468C-9AFF-CF225AEABA65}.Debug|Any CPU.Build.0 = Debug|Any CPU
		{629D0E16-E655-468C-9AFF-CF225AEABA65}.Release|Any CPU.ActiveCfg = Release|Any CPU
		{629D0E16-E655-468C-9AFF-CF225AEABA65}.Release|Any CPU.Build.0 = Release|Any CPU
	EndGlobalSection
	GlobalSection(SolutionProperties) = preSolution
		HideSolutionNode = FALSE
	EndGlobalSection
EndGlobal
